
Microsoft Visual Studio Solution File, Format Version 12.00
# Visual Studio Version 17
VisualStudioVersion = 17.5.33627.172
MinimumVisualStudioVersion = 10.0.40219.1
Project("{FAE04EC0-301F-11D3-BF4B-00C04F79EFBC}") = "BigDotShop.WebAPI", "BigDotShop.WebAPI\BigDotShop.WebAPI.csproj", "{46219D13-754D-44DF-938B-F137195472B3}"
EndProject
Global
	GlobalSection(SolutionConfigurationPlatforms) = preSolution
		Debug|Any CPU = Debug|Any CPU
		Release|Any CPU = Release|Any CPU
	EndGlobalSection
	GlobalSection(ProjectConfigurationPlatforms) = postSolution
		{46219D13-754D-44DF-938B-F137195472B3}.Debug|Any CPU.ActiveCfg = Debug|Any CPU
		{46219D13-754D-44DF-938B-F137195472B3}.Debug|Any CPU.Build.0 = Debug|Any CPU
		{46219D13-754D-44DF-938B-F137195472B3}.Release|Any CPU.ActiveCfg = Release|Any CPU
		{46219D13-754D-44DF-938B-F137195472B3}.Release|Any CPU.Build.0 = Release|Any CPU
	EndGlobalSection
	GlobalSection(SolutionProperties) = preSolution
		HideSolutionNode = FALSE
	EndGlobalSection
	GlobalSection(ExtensibilityGlobals) = postSolution
		SolutionGuid = {B17F7CBD-851F-4B9E-821A-09AC9108E8A4}
	EndGlobalSection
EndGlobal
